{
  "name": "iznik-modtools",
  "version": "3.2.14",
  "lockfileVersion": 3,
  "requires": true,
  "packages": {
    "": {
      "name": "iznik-modtools",
      "version": "3.2.14",
      "hasInstallScript": true,
      "dependencies": {
        "@geoman-io/leaflet-geoman-free": "^2.18.3",
        "@handsontable/vue3": "^14.6.1",
        "@vueup/vue-quill": "^1.2.0",
        "csv-writer": "^1.6.0",
        "diff": "^5.2.0",
        "handsontable": "^14.6.1",
        "leaflet-draw": "^1.0.4",
        "letterparser": "^0.1.4",
        "papaparse": "^5.4.1",
        "quill-html-edit-button": "^2.2.13",
        "turf-area": "^3.0.12",
        "turf-buffer": "^3.0.12",
        "turf-intersect": "^3.0.12",
        "turf-polygon": "^1.0.3",
        "vue-letter": "^0.2.0"
      }
    },
    "node_modules/@geoman-io/leaflet-geoman-free": {
      "version": "2.18.3",
      "resolved": "https://registry.npmjs.org/@geoman-io/leaflet-geoman-free/-/leaflet-geoman-free-2.18.3.tgz",
      "integrity": "sha512-XzxSKRk2UJUVeGiOt1jU2hyo412Qee1Q0Xsfw4A2r8EoUIo48XKSWfusYe7E53fSPr0aYgZxPevnFdcUXimpdA==",
      "license": "MIT",
      "dependencies": {
        "@turf/boolean-contains": "^6.5.0",
        "@turf/kinks": "^6.5.0",
        "@turf/line-intersect": "^6.5.0",
        "@turf/line-split": "^6.5.0",
        "lodash": "4.17.21",
        "polyclip-ts": "^0.16.5"
      },
      "peerDependencies": {
        "leaflet": "^1.2.0"
      }
    },
    "node_modules/@handsontable/pikaday": {
      "version": "1.0.0",
      "resolved": "https://registry.npmjs.org/@handsontable/pikaday/-/pikaday-1.0.0.tgz",
      "integrity": "sha512-1VN6N38t5/DcjJ7y7XUYrDx1LuzvvzlrFdBdMG90Qo1xc8+LXHqbWbsTEm5Ec5gXTEbDEO53vUT35R+2COmOyg==",
      "license": "(0BSD OR MIT)"
    },
    "node_modules/@handsontable/vue3": {
      "version": "14.6.2",
      "resolved": "https://registry.npmjs.org/@handsontable/vue3/-/vue3-14.6.2.tgz",
      "integrity": "sha512-eM1sn2P0Mqm74PsZG449adTKsgl9cnq7QJJEJ9NCgBdQnXOs8a6alCFNrXMc8gLUDydq+LhXCILjU4t3TxP6hw==",
      "license": "SEE LICENSE IN LICENSE.txt",
      "peerDependencies": {
        "handsontable": ">=14.0.0",
        "vue": "^3.2.22"
      }
    },
    "node_modules/@turf/bbox": {
      "version": "6.5.0",
      "resolved": "https://registry.npmjs.org/@turf/bbox/-/bbox-6.5.0.tgz",
      "integrity": "sha512-RBbLaao5hXTYyyg577iuMtDB8ehxMlUqHEJiMs8jT1GHkFhr6sYre3lmLsPeYEi/ZKj5TP5tt7fkzNdJ4GIVyw==",
      "license": "MIT",
      "dependencies": {
        "@turf/helpers": "^6.5.0",
        "@turf/meta": "^6.5.0"
      },
      "funding": {
        "url": "https://opencollective.com/turf"
      }
    },
    "node_modules/@turf/bearing": {
      "version": "6.5.0",
      "resolved": "https://registry.npmjs.org/@turf/bearing/-/bearing-6.5.0.tgz",
      "integrity": "sha512-dxINYhIEMzgDOztyMZc20I7ssYVNEpSv04VbMo5YPQsqa80KO3TFvbuCahMsCAW5z8Tncc8dwBlEFrmRjJG33A==",
      "license": "MIT",
      "dependencies": {
        "@turf/helpers": "^6.5.0",
        "@turf/invariant": "^6.5.0"
      },
      "funding": {
        "url": "https://opencollective.com/turf"
      }
    },
    "node_modules/@turf/boolean-contains": {
      "version": "6.5.0",
      "resolved": "https://registry.npmjs.org/@turf/boolean-contains/-/boolean-contains-6.5.0.tgz",
      "integrity": "sha512-4m8cJpbw+YQcKVGi8y0cHhBUnYT+QRfx6wzM4GI1IdtYH3p4oh/DOBJKrepQyiDzFDaNIjxuWXBh0ai1zVwOQQ==",
      "license": "MIT",
      "dependencies": {
        "@turf/bbox": "^6.5.0",
        "@turf/boolean-point-in-polygon": "^6.5.0",
        "@turf/boolean-point-on-line": "^6.5.0",
        "@turf/helpers": "^6.5.0",
        "@turf/invariant": "^6.5.0"
      },
      "funding": {
        "url": "https://opencollective.com/turf"
      }
    },
    "node_modules/@turf/boolean-point-in-polygon": {
      "version": "6.5.0",
      "resolved": "https://registry.npmjs.org/@turf/boolean-point-in-polygon/-/boolean-point-in-polygon-6.5.0.tgz",
      "integrity": "sha512-DtSuVFB26SI+hj0SjrvXowGTUCHlgevPAIsukssW6BG5MlNSBQAo70wpICBNJL6RjukXg8d2eXaAWuD/CqL00A==",
      "license": "MIT",
      "dependencies": {
        "@turf/helpers": "^6.5.0",
        "@turf/invariant": "^6.5.0"
      },
      "funding": {
        "url": "https://opencollective.com/turf"
      }
    },
    "node_modules/@turf/boolean-point-on-line": {
      "version": "6.5.0",
      "resolved": "https://registry.npmjs.org/@turf/boolean-point-on-line/-/boolean-point-on-line-6.5.0.tgz",
      "integrity": "sha512-A1BbuQ0LceLHvq7F/P7w3QvfpmZqbmViIUPHdNLvZimFNLo4e6IQunmzbe+8aSStH9QRZm3VOflyvNeXvvpZEQ==",
      "license": "MIT",
      "dependencies": {
        "@turf/helpers": "^6.5.0",
        "@turf/invariant": "^6.5.0"
      },
      "funding": {
        "url": "https://opencollective.com/turf"
      }
    },
    "node_modules/@turf/destination": {
      "version": "6.5.0",
      "resolved": "https://registry.npmjs.org/@turf/destination/-/destination-6.5.0.tgz",
      "integrity": "sha512-4cnWQlNC8d1tItOz9B4pmJdWpXqS0vEvv65bI/Pj/genJnsL7evI0/Xw42RvEGROS481MPiU80xzvwxEvhQiMQ==",
      "license": "MIT",
      "dependencies": {
        "@turf/helpers": "^6.5.0",
        "@turf/invariant": "^6.5.0"
      },
      "funding": {
        "url": "https://opencollective.com/turf"
      }
    },
    "node_modules/@turf/distance": {
      "version": "6.5.0",
      "resolved": "https://registry.npmjs.org/@turf/distance/-/distance-6.5.0.tgz",
      "integrity": "sha512-xzykSLfoURec5qvQJcfifw/1mJa+5UwByZZ5TZ8iaqjGYN0vomhV9aiSLeYdUGtYRESZ+DYC/OzY+4RclZYgMg==",
      "license": "MIT",
      "dependencies": {
        "@turf/helpers": "^6.5.0",
        "@turf/invariant": "^6.5.0"
      },
      "funding": {
        "url": "https://opencollective.com/turf"
      }
    },
    "node_modules/@turf/helpers": {
      "version": "6.5.0",
      "resolved": "https://registry.npmjs.org/@turf/helpers/-/helpers-6.5.0.tgz",
      "integrity": "sha512-VbI1dV5bLFzohYYdgqwikdMVpe7pJ9X3E+dlr425wa2/sMJqYDhTO++ec38/pcPvPE6oD9WEEeU3Xu3gza+VPw==",
      "license": "MIT",
      "funding": {
        "url": "https://opencollective.com/turf"
      }
    },
    "node_modules/@turf/invariant": {
      "version": "6.5.0",
      "resolved": "https://registry.npmjs.org/@turf/invariant/-/invariant-6.5.0.tgz",
      "integrity": "sha512-Wv8PRNCtPD31UVbdJE/KVAWKe7l6US+lJItRR/HOEW3eh+U/JwRCSUl/KZ7bmjM/C+zLNoreM2TU6OoLACs4eg==",
      "license": "MIT",
      "dependencies": {
        "@turf/helpers": "^6.5.0"
      },
      "funding": {
        "url": "https://opencollective.com/turf"
      }
    },
    "node_modules/@turf/kinks": {
      "version": "6.5.0",
      "resolved": "https://registry.npmjs.org/@turf/kinks/-/kinks-6.5.0.tgz",
      "integrity": "sha512-ViCngdPt1eEL7hYUHR2eHR662GvCgTc35ZJFaNR6kRtr6D8plLaDju0FILeFFWSc+o8e3fwxZEJKmFj9IzPiIQ==",
      "license": "MIT",
      "dependencies": {
        "@turf/helpers": "^6.5.0"
      },
      "funding": {
        "url": "https://opencollective.com/turf"
      }
    },
    "node_modules/@turf/line-intersect": {
      "version": "6.5.0",
      "resolved": "https://registry.npmjs.org/@turf/line-intersect/-/line-intersect-6.5.0.tgz",
      "integrity": "sha512-CS6R1tZvVQD390G9Ea4pmpM6mJGPWoL82jD46y0q1KSor9s6HupMIo1kY4Ny+AEYQl9jd21V3Scz20eldpbTVA==",
      "license": "MIT",
      "dependencies": {
        "@turf/helpers": "^6.5.0",
        "@turf/invariant": "^6.5.0",
        "@turf/line-segment": "^6.5.0",
        "@turf/meta": "^6.5.0",
        "geojson-rbush": "3.x"
      },
      "funding": {
        "url": "https://opencollective.com/turf"
      }
    },
    "node_modules/@turf/line-segment": {
      "version": "6.5.0",
      "resolved": "https://registry.npmjs.org/@turf/line-segment/-/line-segment-6.5.0.tgz",
      "integrity": "sha512-jI625Ho4jSuJESNq66Mmi290ZJ5pPZiQZruPVpmHkUw257Pew0alMmb6YrqYNnLUuiVVONxAAKXUVeeUGtycfw==",
      "license": "MIT",
      "dependencies": {
        "@turf/helpers": "^6.5.0",
        "@turf/invariant": "^6.5.0",
        "@turf/meta": "^6.5.0"
      },
      "funding": {
        "url": "https://opencollective.com/turf"
      }
    },
    "node_modules/@turf/line-split": {
      "version": "6.5.0",
      "resolved": "https://registry.npmjs.org/@turf/line-split/-/line-split-6.5.0.tgz",
      "integrity": "sha512-/rwUMVr9OI2ccJjw7/6eTN53URtGThNSD5I0GgxyFXMtxWiloRJ9MTff8jBbtPWrRka/Sh2GkwucVRAEakx9Sw==",
      "license": "MIT",
      "dependencies": {
        "@turf/bbox": "^6.5.0",
        "@turf/helpers": "^6.5.0",
        "@turf/invariant": "^6.5.0",
        "@turf/line-intersect": "^6.5.0",
        "@turf/line-segment": "^6.5.0",
        "@turf/meta": "^6.5.0",
        "@turf/nearest-point-on-line": "^6.5.0",
        "@turf/square": "^6.5.0",
        "@turf/truncate": "^6.5.0",
        "geojson-rbush": "3.x"
      },
      "funding": {
        "url": "https://opencollective.com/turf"
      }
    },
    "node_modules/@turf/meta": {
      "version": "6.5.0",
      "resolved": "https://registry.npmjs.org/@turf/meta/-/meta-6.5.0.tgz",
      "integrity": "sha512-RrArvtsV0vdsCBegoBtOalgdSOfkBrTJ07VkpiCnq/491W67hnMWmDu7e6Ztw0C3WldRYTXkg3SumfdzZxLBHA==",
      "license": "MIT",
      "dependencies": {
        "@turf/helpers": "^6.5.0"
      },
      "funding": {
        "url": "https://opencollective.com/turf"
      }
    },
    "node_modules/@turf/nearest-point-on-line": {
      "version": "6.5.0",
      "resolved": "https://registry.npmjs.org/@turf/nearest-point-on-line/-/nearest-point-on-line-6.5.0.tgz",
      "integrity": "sha512-WthrvddddvmymnC+Vf7BrkHGbDOUu6Z3/6bFYUGv1kxw8tiZ6n83/VG6kHz4poHOfS0RaNflzXSkmCi64fLBlg==",
      "license": "MIT",
      "dependencies": {
        "@turf/bearing": "^6.5.0",
        "@turf/destination": "^6.5.0",
        "@turf/distance": "^6.5.0",
        "@turf/helpers": "^6.5.0",
        "@turf/invariant": "^6.5.0",
        "@turf/line-intersect": "^6.5.0",
        "@turf/meta": "^6.5.0"
      },
      "funding": {
        "url": "https://opencollective.com/turf"
      }
    },
    "node_modules/@turf/square": {
      "version": "6.5.0",
      "resolved": "https://registry.npmjs.org/@turf/square/-/square-6.5.0.tgz",
      "integrity": "sha512-BM2UyWDmiuHCadVhHXKIx5CQQbNCpOxB6S/aCNOCLbhCeypKX5Q0Aosc5YcmCJgkwO5BERCC6Ee7NMbNB2vHmQ==",
      "license": "MIT",
      "dependencies": {
        "@turf/distance": "^6.5.0",
        "@turf/helpers": "^6.5.0"
      },
      "funding": {
        "url": "https://opencollective.com/turf"
      }
    },
    "node_modules/@turf/truncate": {
      "version": "6.5.0",
      "resolved": "https://registry.npmjs.org/@turf/truncate/-/truncate-6.5.0.tgz",
      "integrity": "sha512-pFxg71pLk+eJj134Z9yUoRhIi8vqnnKvCYwdT4x/DQl/19RVdq1tV3yqOT3gcTQNfniteylL5qV1uTBDV5sgrg==",
      "license": "MIT",
      "dependencies": {
        "@turf/helpers": "^6.5.0",
        "@turf/meta": "^6.5.0"
      },
      "funding": {
        "url": "https://opencollective.com/turf"
      }
    },
    "node_modules/@types/geojson": {
      "version": "7946.0.8",
      "resolved": "https://registry.npmjs.org/@types/geojson/-/geojson-7946.0.8.tgz",
      "integrity": "sha512-1rkryxURpr6aWP7R786/UQOkJ3PcpQiWkAXBmdWc7ryFWqN6a4xfK7BtjXvFBKO9LjQ+MWQSWxYeZX1OApnArA==",
      "license": "MIT"
    },
    "node_modules/@types/pikaday": {
      "version": "1.7.4",
      "resolved": "https://registry.npmjs.org/@types/pikaday/-/pikaday-1.7.4.tgz",
      "integrity": "sha512-0KsHVyw5pTG829nqG4IRu7m+BFQlFEBdbE/1i3S5182HeKUKv1uEW0gyEmkJVp5i4IV+9pyh23O83+KpRkSQbw==",
      "license": "MIT",
      "dependencies": {
        "moment": ">=2.14.0"
      }
    },
    "node_modules/@vueup/vue-quill": {
      "version": "1.2.0",
      "resolved": "https://registry.npmjs.org/@vueup/vue-quill/-/vue-quill-1.2.0.tgz",
      "integrity": "sha512-kd5QPSHMDpycklojPXno2Kw2JSiKMYduKYQckTm1RJoVDA557MnyUXgcuuDpry4HY/Rny9nGNcK+m3AHk94wag==",
      "license": "MIT",
      "dependencies": {
        "quill": "^1.3.7",
        "quill-delta": "^4.2.2"
      },
      "peerDependencies": {
        "vue": "^3.2.41"
      }
    },
    "node_modules/base64-js": {
      "version": "1.5.1",
      "resolved": "https://registry.npmjs.org/base64-js/-/base64-js-1.5.1.tgz",
      "integrity": "sha512-AKpaYlHn8t4SVbOHCy+b5+KKgvR4vrsD8vbvrbiQJps7fKDTkjkDry6ji0rUJjC0kzbNePLwzxq8iypo41qeWA==",
      "funding": [
        {
          "type": "github",
          "url": "https://github.com/sponsors/feross"
        },
        {
          "type": "patreon",
          "url": "https://www.patreon.com/feross"
        },
        {
          "type": "consulting",
          "url": "https://feross.org/support"
        }
      ],
      "license": "MIT"
    },
    "node_modules/clone": {
      "version": "2.1.2",
      "resolved": "https://registry.npmjs.org/clone/-/clone-2.1.2.tgz",
      "integrity": "sha512-3Pe/CF1Nn94hyhIYpjtiLhdCoEoz0DqQ+988E9gmeEdQZlojxnOb74wctFyuwWQHzqyf9X7C7MG8juUpqBJT8w==",
      "license": "MIT",
      "engines": {
        "node": ">=0.8"
      }
    },
    "node_modules/core-js": {
      "version": "3.46.0",
      "resolved": "https://registry.npmjs.org/core-js/-/core-js-3.46.0.tgz",
      "integrity": "sha512-vDMm9B0xnqqZ8uSBpZ8sNtRtOdmfShrvT6h2TuQGLs0Is+cR0DYbj/KWP6ALVNbWPpqA/qPLoOuppJN07humpA==",
      "hasInstallScript": true,
      "license": "MIT",
      "funding": {
        "type": "opencollective",
        "url": "https://opencollective.com/core-js"
      }
    },
    "node_modules/csv-writer": {
      "version": "1.6.0",
      "resolved": "https://registry.npmjs.org/csv-writer/-/csv-writer-1.6.0.tgz",
      "integrity": "sha512-NOx7YDFWEsM/fTRAJjRpPp8t+MKRVvniAg9wQlUKx20MFrPs73WLJhFf5iteqrxNYnsy924K3Iroh3yNHeYd2g==",
      "license": "MIT"
    },
    "node_modules/deep-equal": {
      "version": "1.1.2",
      "resolved": "https://registry.npmjs.org/deep-equal/-/deep-equal-1.1.2.tgz",
      "integrity": "sha512-5tdhKF6DbU7iIzrIOa1AOUt39ZRm13cmL1cGEh//aqR8x9+tNfbywRf0n5FD/18OKMdo7DNEtrX2t22ZAkI+eg==",
      "license": "MIT",
      "dependencies": {
        "is-arguments": "^1.1.1",
        "is-date-object": "^1.0.5",
        "is-regex": "^1.1.4",
        "object-is": "^1.1.5",
        "object-keys": "^1.1.1",
        "regexp.prototype.flags": "^1.5.1"
      },
      "engines": {
        "node": ">= 0.4"
      },
      "funding": {
        "url": "https://github.com/sponsors/ljharb"
      }
    },
    "node_modules/diff": {
      "version": "5.2.0",
      "resolved": "https://registry.npmjs.org/diff/-/diff-5.2.0.tgz",
      "integrity": "sha512-uIFDxqpRZGZ6ThOk84hEfqWoHx2devRFvpTZcTHur85vImfaxUbTW9Ryh4CpCuDnToOP1CEtXKIgytHBPVff5A==",
      "license": "BSD-3-Clause",
      "engines": {
        "node": ">=0.3.1"
      }
    },
    "node_modules/dompurify": {
      "version": "2.5.8",
      "resolved": "https://registry.npmjs.org/dompurify/-/dompurify-2.5.8.tgz",
      "integrity": "sha512-o1vSNgrmYMQObbSSvF/1brBYEQPHhV1+gsmrusO7/GXtp1T9rCS8cXFqVxK/9crT1jA6Ccv+5MTSjBNqr7Sovw==",
      "license": "(MPL-2.0 OR Apache-2.0)"
    },
    "node_modules/eventemitter3": {
      "version": "2.0.3",
      "resolved": "https://registry.npmjs.org/eventemitter3/-/eventemitter3-2.0.3.tgz",
      "integrity": "sha512-jLN68Dx5kyFHaePoXWPsCGW5qdyZQtLYHkxkg02/Mz6g0kYpDx4FyP6XfArhQdlOC4b8Mv+EMxPo/8La7Tzghg==",
      "license": "MIT"
    },
    "node_modules/extend": {
      "version": "3.0.2",
      "resolved": "https://registry.npmjs.org/extend/-/extend-3.0.2.tgz",
      "integrity": "sha512-fjquC59cD7CyW6urNXK0FBufkZcoiGG80wTuPujX590cB5Ttln20E2UB4S/WARVqhXffZl2LNgS+gQdPIIim/g==",
      "license": "MIT"
    },
    "node_modules/geojson-area": {
      "version": "0.2.1",
      "resolved": "https://registry.npmjs.org/geojson-area/-/geojson-area-0.2.1.tgz",
      "integrity": "sha512-I+cht30/CFFObh8GgEa/1o9Kd7RwQTHmotYp3ToyCpxxDFNcuX5SlErKkvoy3otnrsWzODN8yscSTGOAkQ3tKQ==",
      "deprecated": "This module is now under the @mapbox namespace: install @mapbox/geojson-area instead",
      "license": "BSD-2-Clause",
      "dependencies": {
        "wgs84": "0.0.0"
      }
    },
    "node_modules/geojson-normalize": {
      "version": "0.0.0",
      "resolved": "https://registry.npmjs.org/geojson-normalize/-/geojson-normalize-0.0.0.tgz",
      "integrity": "sha512-h/ldgc7C2DrYDIn+F/o+AgZLxmeC+O4q3wvGwiuBjTTRnhxvxaGz6cE6cRTeMH89jIJM3BiP+R6Yiht7f3PBuA==",
      "deprecated": "This module is now under the @mapbox namespace: install @mapbox/geojson-normalize instead",
      "license": "ISC"
    },
    "node_modules/geojson-rbush": {
      "version": "3.2.0",
      "resolved": "https://registry.npmjs.org/geojson-rbush/-/geojson-rbush-3.2.0.tgz",
      "integrity": "sha512-oVltQTXolxvsz1sZnutlSuLDEcQAKYC/uXt9zDzJJ6bu0W+baTI8LZBaTup5afzibEH4N3jlq2p+a152wlBJ7w==",
      "license": "MIT",
      "dependencies": {
        "@turf/bbox": "*",
        "@turf/helpers": "6.x",
        "@turf/meta": "6.x",
        "@types/geojson": "7946.0.8",
        "rbush": "^3.0.1"
      }
    },
    "node_modules/handsontable": {
      "version": "14.6.2",
      "resolved": "https://registry.npmjs.org/handsontable/-/handsontable-14.6.2.tgz",
      "integrity": "sha512-APFGejWTnADsZHZdlSQAireaFip80Cw+Doj2Z6bzsbawy7F0IwcPaLD5gv2T7F0oG+f4Q2yjWZcrufBXlm1SiQ==",
      "license": "SEE LICENSE IN LICENSE.txt",
      "dependencies": {
        "@handsontable/pikaday": "^1.0.0",
        "@types/pikaday": "1.7.4",
        "core-js": "^3.37.0",
        "dompurify": "^2.1.1",
        "moment": "2.30.1",
        "numbro": "2.1.2",
        "pikaday": "1.8.2"
      },
      "optionalDependencies": {
        "hyperformula": "^2.6.2"
      }
    },
    "node_modules/has-property-descriptors": {
      "version": "1.0.2",
      "license": "MIT",
      "dependencies": {
        "es-define-property": "^1.0.0"
      },
      "funding": {
        "url": "https://github.com/sponsors/ljharb"
      }
    },
    "node_modules/has-symbols": {
      "version": "1.1.0",
      "license": "MIT",
      "engines": {
        "node": ">= 0.4"
      },
      "funding": {
        "url": "https://github.com/sponsors/ljharb"
      }
    },
    "node_modules/has-tostringtag": {
      "version": "1.0.2",
      "license": "MIT",
      "dependencies": {
        "has-symbols": "^1.0.3"
      },
      "engines": {
        "node": ">= 0.4"
      },
      "funding": {
        "url": "https://github.com/sponsors/ljharb"
      }
    },
    "node_modules/hasown": {
      "version": "2.0.2",
      "license": "MIT",
      "dependencies": {
        "function-bind": "^1.1.2"
      },
      "engines": {
        "node": ">= 0.4"
      }
    },
    "node_modules/hyperformula": {
      "version": "2.7.1",
      "license": "GPL-3.0-only",
      "optional": true,
      "dependencies": {
        "chevrotain": "^6.5.0",
        "tiny-emitter": "^2.1.0"
      }
    },
    "node_modules/is-arguments": {
      "version": "1.2.0",
      "license": "MIT",
      "dependencies": {
        "call-bound": "^1.0.2",
        "has-tostringtag": "^1.0.2"
      },
      "engines": {
        "node": ">= 0.4"
      },
      "funding": {
        "url": "https://github.com/sponsors/ljharb"
      }
    },
    "node_modules/is-date-object": {
      "version": "1.1.0",
      "license": "MIT",
      "dependencies": {
        "call-bound": "^1.0.2",
        "has-tostringtag": "^1.0.2"
      },
      "engines": {
        "node": ">= 0.4"
      },
      "funding": {
        "url": "https://github.com/sponsors/ljharb"
      }
    },
    "node_modules/is-regex": {
      "version": "1.2.1",
      "license": "MIT",
      "dependencies": {
        "call-bound": "^1.0.2",
        "gopd": "^1.2.0",
        "has-tostringtag": "^1.0.2",
        "hasown": "^2.0.2"
      },
      "engines": {
        "node": ">= 0.4"
      },
      "funding": {
        "url": "https://github.com/sponsors/ljharb"
      }
    },
    "node_modules/jsts": {
      "version": "1.1.2",
      "license": "(EDL-1.0 OR EPL-1.0)",
      "engines": {
        "node": ">= 4"
      }
    },
    "node_modules/leaflet-draw": {
      "version": "1.0.4",
      "license": "MIT"
    },
    "node_modules/lettercoder": {
      "version": "0.0.7",
      "license": "BSD-3-Clause-Clear",
      "dependencies": {
        "base64-js": "^1.5.1"
      }
    },
    "node_modules/letterparser": {
      "version": "0.1.8",
      "license": "BSD-3-Clause-Clear",
      "dependencies": {
        "base64-js": "^1.5.1",
        "lettercoder": "^0.0.7"
      }
    },
    "node_modules/lettersanitizer": {
      "version": "1.0.7",
      "license": "BSD-3-Clause-Clear"
    },
    "node_modules/lodash": {
      "version": "4.17.21",
      "license": "MIT"
    },
    "node_modules/lodash.clonedeep": {
      "version": "4.5.0",
      "license": "MIT"
    },
    "node_modules/lodash.isequal": {
      "version": "4.5.0",
      "license": "MIT"
    },
    "node_modules/moment": {
      "version": "2.30.1",
      "license": "MIT",
      "engines": {
        "node": "*"
      }
    },
    "node_modules/numbro": {
      "version": "2.1.2",
      "license": "MIT",
      "dependencies": {
        "bignumber.js": "^8.0.1"
      },
      "engines": {
        "node": "*"
      }
    },
    "node_modules/object-is": {
      "version": "1.1.6",
      "license": "MIT",
      "dependencies": {
        "call-bind": "^1.0.7",
        "define-properties": "^1.2.1"
      },
      "engines": {
        "node": ">= 0.4"
      },
      "funding": {
        "url": "https://github.com/sponsors/ljharb"
      }
    },
    "node_modules/object-keys": {
      "version": "1.1.1",
      "license": "MIT",
      "engines": {
        "node": ">= 0.4"
      }
    },
    "node_modules/papaparse": {
      "version": "5.5.3",
      "license": "MIT"
    },
    "node_modules/parchment": {
      "version": "1.1.4",
      "license": "BSD-3-Clause"
    },
    "node_modules/pikaday": {
      "version": "1.8.2",
      "license": "(0BSD OR MIT)"
    },
    "node_modules/polyclip-ts": {
      "version": "0.16.8",
      "license": "MIT",
      "dependencies": {
        "bignumber.js": "^9.1.0",
        "splaytree-ts": "^1.0.2"
      }
    },
    "node_modules/polyclip-ts/node_modules/bignumber.js": {
      "version": "9.3.1",
      "license": "MIT",
      "engines": {
        "node": "*"
      }
    },
    "node_modules/quickselect": {
      "version": "2.0.0",
      "license": "ISC"
    },
    "node_modules/quill": {
      "version": "1.3.7",
      "license": "BSD-3-Clause",
      "dependencies": {
        "clone": "^2.1.1",
        "deep-equal": "^1.0.1",
        "eventemitter3": "^2.0.3",
        "extend": "^3.0.2",
        "parchment": "^1.1.4",
        "quill-delta": "^3.6.2"
      }
    },
    "node_modules/quill-delta": {
      "version": "4.2.2",
      "license": "MIT",
      "dependencies": {
        "fast-diff": "1.2.0",
        "lodash.clonedeep": "^4.5.0",
        "lodash.isequal": "^4.5.0"
      }
    },
    "node_modules/quill-html-edit-button": {
      "version": "2.2.15",
      "license": "MIT",
      "dependencies": {
        "quill": "^1.x"
      }
    },
    "node_modules/quill/node_modules/fast-diff": {
      "version": "1.1.2",
      "license": "Apache-2.0"
    },
    "node_modules/quill/node_modules/quill-delta": {
      "version": "3.6.3",
      "license": "MIT",
      "dependencies": {
        "deep-equal": "^1.0.1",
        "extend": "^3.0.2",
        "fast-diff": "1.1.2"
      },
      "engines": {
        "node": ">=0.10"
      }
    },
    "node_modules/rbush": {
      "version": "3.0.1",
      "license": "MIT",
      "dependencies": {
        "quickselect": "^2.0.0"
      }
    },
    "node_modules/regexp.prototype.flags": {
      "version": "1.5.4",
      "license": "MIT",
      "dependencies": {
        "call-bind": "^1.0.8",
        "define-properties": "^1.2.1",
        "es-errors": "^1.3.0",
        "get-proto": "^1.0.1",
        "gopd": "^1.2.0",
        "set-function-name": "^2.0.2"
      },
      "engines": {
        "node": ">= 0.4"
      },
      "funding": {
        "url": "https://github.com/sponsors/ljharb"
      }
    },
    "node_modules/set-function-name": {
      "version": "2.0.2",
      "license": "MIT",
      "dependencies": {
        "define-data-property": "^1.1.4",
        "es-errors": "^1.3.0",
        "functions-have-names": "^1.2.3",
        "has-property-descriptors": "^1.0.2"
      },
      "engines": {
        "node": ">= 0.4"
      }
    },
    "node_modules/splaytree-ts": {
      "version": "1.0.2",
      "license": "BDS-3-Clause"
    },
    "node_modules/tiny-emitter": {
      "version": "2.1.0",
      "license": "MIT",
      "optional": true
    },
    "node_modules/turf-area": {
      "version": "3.0.12",
      "license": "ISC",
      "dependencies": {
        "geojson-area": "^0.2.1"
      }
    },
    "node_modules/turf-buffer": {
      "version": "3.0.12",
      "license": "MIT",
      "dependencies": {
        "geojson-normalize": "0.0.0",
        "jsts": "1.1.2",
        "turf-combine": "^3.0.12",
        "turf-helpers": "^3.0.12"
      }
    },
    "node_modules/turf-combine": {
      "version": "3.0.12",
      "license": "MIT",
      "dependencies": {
        "turf-meta": "^3.0.12"
      }
    },
    "node_modules/turf-helpers": {
      "version": "3.0.12",
      "license": "MIT"
    },
    "node_modules/turf-intersect": {
      "version": "3.0.12",
      "license": "ISC",
      "dependencies": {
        "jsts": "1.1.2"
      }
    },
    "node_modules/turf-meta": {
      "version": "3.0.12",
      "license": "ISC"
    },
    "node_modules/turf-polygon": {
      "version": "1.0.3",
      "license": "MIT"
    },
    "node_modules/vue-letter": {
      "version": "0.2.1",
      "license": "BSD-3-Clause-Clear",
      "dependencies": {
        "lettersanitizer": "^1.0.6"
      }
    },
    "node_modules/wgs84": {
      "version": "0.0.0",
      "license": "BSD-2-Clause"
    }
  }
}
