{
  "name": "iznik-modtools",
  "version": "3.0.0",
  "lockfileVersion": 3,
  "requires": true,
  "packages": {
    "": {
      "name": "iznik-modtools",
      "version": "3.0.0",
      "hasInstallScript": true,
      "dependencies": {
        "diff": "^5.2.0",
        "letterparser": "^0.1.4"
      }
    },
    "node_modules/base64-js": {
      "version": "1.5.1",
      "resolved": "https://registry.npmjs.org/base64-js/-/base64-js-1.5.1.tgz",
      "integrity": "sha512-AKpaYlHn8t4SVbOHCy+b5+KKgvR4vrsD8vbvrbiQJps7fKDTkjkDry6ji0rUJjC0kzbNePLwzxq8iypo41qeWA==",
      "funding": [
        {
          "type": "github",
          "url": "https://github.com/sponsors/feross"
        },
        {
          "type": "patreon",
          "url": "https://www.patreon.com/feross"
        },
        {
          "type": "consulting",
          "url": "https://feross.org/support"
        }
      ]
    },
    "node_modules/diff": {
      "version": "5.2.0",
      "resolved": "https://registry.npmjs.org/diff/-/diff-5.2.0.tgz",
      "integrity": "sha512-uIFDxqpRZGZ6ThOk84hEfqWoHx2devRFvpTZcTHur85vImfaxUbTW9Ryh4CpCuDnToOP1CEtXKIgytHBPVff5A==",
      "engines": {
        "node": ">=0.3.1"
      }
    },
    "node_modules/lettercoder": {
      "version": "0.0.7",
      "resolved": "https://registry.npmjs.org/lettercoder/-/lettercoder-0.0.7.tgz",
      "integrity": "sha512-Y8jW6TB69eoir8f5OCo2lulSxCqckPRQtWLyBGz7f+yaPL/nPfDsoLTzsVjl2d+ZEUh5nL0eS446LicJ+mqlJg==",
      "dependencies": {
        "base64-js": "^1.5.1"
      }
    },
    "node_modules/letterparser": {
      "version": "0.1.4",
      "resolved": "https://registry.npmjs.org/letterparser/-/letterparser-0.1.4.tgz",
      "integrity": "sha512-pSt3/K7pOm/qYGMcowiNCkqiFZwIHa3j0ZJl4dmLznaZBM3VYJOU+Ijv5apYeaRB4KTgZC5lYM3uSxgZaJr5Cw==",
      "dependencies": {
        "base64-js": "^1.5.1",
        "lettercoder": "^0.0.7"
      }
    }
  }
}
